
Microsoft Visual Studio Solution File, Format Version 12.00
# Visual Studio Version 17
VisualStudioVersion = 17.7.34302.85
MinimumVisualStudioVersion = 10.0.40219.1
Project("{FAE04EC0-301F-11D3-BF4B-00C04F79EFBC}") = "Bibliotek", "Bibliotek\Bibliotek.csproj", "{C03BEE69-794F-4884-9300-4B41F0A372E2}"
EndProject
Global
	GlobalSection(SolutionConfigurationPlatforms) = preSolution
		Debug|Any CPU = Debug|Any CPU
		Release|Any CPU = Release|Any CPU
	EndGlobalSection
	GlobalSection(ProjectConfigurationPlatforms) = postSolution
		{C03BEE69-794F-4884-9300-4B41F0A372E2}.Debug|Any CPU.ActiveCfg = Debug|Any CPU
		{C03BEE69-794F-4884-9300-4B41F0A372E2}.Debug|Any CPU.Build.0 = Debug|Any CPU
		{C03BEE69-794F-4884-9300-4B41F0A372E2}.Release|Any CPU.ActiveCfg = Release|Any CPU
		{C03BEE69-794F-4884-9300-4B41F0A372E2}.Release|Any CPU.Build.0 = Release|Any CPU
	EndGlobalSection
	GlobalSection(SolutionProperties) = preSolution
		HideSolutionNode = FALSE
	EndGlobalSection
	GlobalSection(ExtensibilityGlobals) = postSolution
		SolutionGuid = {7F874FB5-1B44-4792-AAC7-983D5A76B9E4}
	EndGlobalSection
EndGlobal
